
Microsoft Visual Studio Solution File, Format Version 12.00
# Visual Studio Version 16
VisualStudioVersion = 16.0.30717.126
MinimumVisualStudioVersion = 15.0.26124.0
Project("{9A19103F-16F7-4668-BE54-9A1E7A4F7556}") = "API", "API\API.csproj", "{5E287FE7-1571-4F6E-83C0-CA057498A6BD}"
EndProject
Project("{E24C65DC-7377-472B-9ABA-BC803B73C61A}") = "client(1)", "client\", "{6F650803-4D41-44B9-A91B-C6B2030BEAA2}"
	ProjectSection(WebsiteProperties) = preProject
		TargetFrameworkMoniker = ".NETFramework,Version%3Dv4.0"
		Debug.AspNetCompiler.VirtualPath = "/localhost_54342"
		Debug.AspNetCompiler.PhysicalPath = "client\"
		Debug.AspNetCompiler.TargetPath = "PrecompiledWeb\localhost_54342\"
		Debug.AspNetCompiler.Updateable = "true"
		Debug.AspNetCompiler.ForceOverwrite = "true"
		Debug.AspNetCompiler.FixedNames = "false"
		Debug.AspNetCompiler.Debug = "True"
		Release.AspNetCompiler.VirtualPath = "/localhost_54342"
		Release.AspNetCompiler.PhysicalPath = "client\"
		Release.AspNetCompiler.TargetPath = "PrecompiledWeb\localhost_54342\"
		Release.AspNetCompiler.Updateable = "true"
		Release.AspNetCompiler.ForceOverwrite = "true"
		Release.AspNetCompiler.FixedNames = "false"
		Release.AspNetCompiler.Debug = "False"
		VWDPort = "54342"
	EndProjectSection
EndProject
Global
	GlobalSection(SolutionConfigurationPlatforms) = preSolution
		Debug|Any CPU = Debug|Any CPU
		Debug|x64 = Debug|x64
		Debug|x86 = Debug|x86
		Release|Any CPU = Release|Any CPU
		Release|x64 = Release|x64
		Release|x86 = Release|x86
	EndGlobalSection
	GlobalSection(ProjectConfigurationPlatforms) = postSolution
		{5E287FE7-1571-4F6E-83C0-CA057498A6BD}.Debug|Any CPU.ActiveCfg = Debug|Any CPU
		{5E287FE7-1571-4F6E-83C0-CA057498A6BD}.Debug|Any CPU.Build.0 = Debug|Any CPU
		{5E287FE7-1571-4F6E-83C0-CA057498A6BD}.Debug|x64.ActiveCfg = Debug|Any CPU
		{5E287FE7-1571-4F6E-83C0-CA057498A6BD}.Debug|x64.Build.0 = Debug|Any CPU
		{5E287FE7-1571-4F6E-83C0-CA057498A6BD}.Debug|x86.ActiveCfg = Debug|Any CPU
		{5E287FE7-1571-4F6E-83C0-CA057498A6BD}.Debug|x86.Build.0 = Debug|Any CPU
		{5E287FE7-1571-4F6E-83C0-CA057498A6BD}.Release|Any CPU.ActiveCfg = Release|Any CPU
		{5E287FE7-1571-4F6E-83C0-CA057498A6BD}.Release|Any CPU.Build.0 = Release|Any CPU
		{5E287FE7-1571-4F6E-83C0-CA057498A6BD}.Release|x64.ActiveCfg = Release|Any CPU
		{5E287FE7-1571-4F6E-83C0-CA057498A6BD}.Release|x64.Build.0 = Release|Any CPU
		{5E287FE7-1571-4F6E-83C0-CA057498A6BD}.Release|x86.ActiveCfg = Release|Any CPU
		{5E287FE7-1571-4F6E-83C0-CA057498A6BD}.Release|x86.Build.0 = Release|Any CPU
		{6F650803-4D41-44B9-A91B-C6B2030BEAA2}.Debug|Any CPU.ActiveCfg = Debug|Any CPU
		{6F650803-4D41-44B9-A91B-C6B2030BEAA2}.Debug|Any CPU.Build.0 = Debug|Any CPU
		{6F650803-4D41-44B9-A91B-C6B2030BEAA2}.Debug|x64.ActiveCfg = Debug|Any CPU
		{6F650803-4D41-44B9-A91B-C6B2030BEAA2}.Debug|x64.Build.0 = Debug|Any CPU
		{6F650803-4D41-44B9-A91B-C6B2030BEAA2}.Debug|x86.ActiveCfg = Debug|Any CPU
		{6F650803-4D41-44B9-A91B-C6B2030BEAA2}.Debug|x86.Build.0 = Debug|Any CPU
		{6F650803-4D41-44B9-A91B-C6B2030BEAA2}.Release|Any CPU.ActiveCfg = Debug|Any CPU
		{6F650803-4D41-44B9-A91B-C6B2030BEAA2}.Release|Any CPU.Build.0 = Debug|Any CPU
		{6F650803-4D41-44B9-A91B-C6B2030BEAA2}.Release|x64.ActiveCfg = Debug|Any CPU
		{6F650803-4D41-44B9-A91B-C6B2030BEAA2}.Release|x64.Build.0 = Debug|Any CPU
		{6F650803-4D41-44B9-A91B-C6B2030BEAA2}.Release|x86.ActiveCfg = Debug|Any CPU
		{6F650803-4D41-44B9-A91B-C6B2030BEAA2}.Release|x86.Build.0 = Debug|Any CPU
	EndGlobalSection
	GlobalSection(SolutionProperties) = preSolution
		HideSolutionNode = FALSE
	EndGlobalSection
	GlobalSection(ExtensibilityGlobals) = postSolution
		SolutionGuid = {A09FCD1E-E18C-452C-834A-70B2E35EC2E1}
	EndGlobalSection
EndGlobal
